{
  "name": "phamerator",
  "version": "1.0.0",
  "lockfileVersion": 1,
  "requires": true,
  "dependencies": {
    "@babel/runtime": {
      "version": "7.3.1",
      "resolved": "https://registry.npmjs.org/@babel/runtime/-/runtime-7.3.1.tgz",
      "integrity": "sha512-7jGW8ppV0ant637pIqAcFfQDDH1orEPGJb8aXfUozuCU3QqX7rX4DA8iwrbPrR1hcH0FTTHz47yQnk+bl5xHQA==",
      "requires": {
        "regenerator-runtime": "^0.12.0"
      }
    },
    "clipboard": {
      "version": "2.0.1",
      "resolved": "https://registry.npmjs.org/clipboard/-/clipboard-2.0.1.tgz",
      "integrity": "sha512-7yhQBmtN+uYZmfRjjVjKa0dZdWuabzpSKGtyQZN+9C8xlC788SSJjOHWh7tzurfwTqTD5UDYAhIv5fRJg3sHjQ==",
      "requires": {
        "good-listener": "^1.2.2",
        "select": "^1.1.2",
        "tiny-emitter": "^2.0.0"
      }
    },
    "colorsys": {
      "version": "1.0.22",
      "resolved": "https://registry.npmjs.org/colorsys/-/colorsys-1.0.22.tgz",
      "integrity": "sha512-KCqF23oqkOD0IUCTLCl0obwGIMyeGFlNWuJ4oRRVKmawvKQeb3x5UvajVeH9AShZWU9hNaIhjXeTGw3iPNtl/Q=="
    },
    "delegate": {
      "version": "3.2.0",
      "resolved": "https://registry.npmjs.org/delegate/-/delegate-3.2.0.tgz",
      "integrity": "sha512-IofjkYBZaZivn0V8nnsMJGBr4jVLxHDheKSW88PyxS5QC4Vo9ZbZVvhzlSxY87fVq3STR6r+4cGepyHkcWOQSw=="
    },
    "good-listener": {
      "version": "1.2.2",
      "resolved": "https://registry.npmjs.org/good-listener/-/good-listener-1.2.2.tgz",
      "integrity": "sha1-1TswzfkxPf+33JoNR3CWqm0UXFA=",
      "requires": {
        "delegate": "^3.1.2"
      }
    },
    "materialize-css": {
      "version": "1.0.0-rc.2",
      "resolved": "https://registry.npmjs.org/materialize-css/-/materialize-css-1.0.0-rc.2.tgz",
      "integrity": "sha512-FuQmSyq4Qv0ov7A2qXw0E6/jbQzSWx2P1pg2/XQDYTkkSc/GyiFAxu3fw9zgShwuTvyumEiw5jkxQWT9siqMBQ=="
    },
    "mobile-detect": {
      "version": "1.4.3",
      "resolved": "https://registry.npmjs.org/mobile-detect/-/mobile-detect-1.4.3.tgz",
      "integrity": "sha512-UaahPNLllQsstHOEHAmVnTHCMQrAS9eL5Qgdi50QrYz6UgGk+Xziz2udz2GN6NYcyODcPLnasC7a7s6R2DjiaQ=="
    },
    "regenerator-runtime": {
      "version": "0.12.1",
      "resolved": "https://registry.npmjs.org/regenerator-runtime/-/regenerator-runtime-0.12.1.tgz",
      "integrity": "sha512-odxIc1/vDlo4iZcfXqRYFj0vpXFNoGdKMAUieAlFYO6m/nl5e9KR/beGf41z4a1FI+aQgtjhuaSlDxQ0hmkrHg=="
    },
    "select": {
      "version": "1.1.2",
      "resolved": "https://registry.npmjs.org/select/-/select-1.1.2.tgz",
      "integrity": "sha1-DnNQrN7ICxEIUoeG7B1EGNEbOW0="
    },
    "tiny-emitter": {
      "version": "2.0.2",
      "resolved": "https://registry.npmjs.org/tiny-emitter/-/tiny-emitter-2.0.2.tgz",
      "integrity": "sha512-2NM0auVBGft5tee/OxP4PI3d8WItkDM+fPnaRAVo6xTDI2knbz9eC5ArWGqtGlYqiH3RU5yMpdyTTO7MguC4ow=="
    }
  }
}
